{
  "name": "capstone-project",
  "version": "1.0.0",
  "lockfileVersion": 1,
  "requires": true,
  "dependencies": {
    "fullcalendar": {
      "version": "3.8.0",
      "resolved": "https://registry.npmjs.org/fullcalendar/-/fullcalendar-3.8.0.tgz",
      "integrity": "sha1-TA/klKYrCo1kDG3o64g7SaIStdw=",
      "requires": {
        "jquery": "3.3.1",
        "moment": "2.20.1"
      }
    },
    "jquery": {
      "version": "3.3.1",
      "resolved": "https://registry.npmjs.org/jquery/-/jquery-3.3.1.tgz",
      "integrity": "sha512-Ubldcmxp5np52/ENotGxlLe6aGMvmF4R8S6tZjsP6Knsaxd/xp3Zrh50cG93lR6nPXyUFwzN3ZSOQI0wRJNdGg=="
    },
    "moment": {
      "version": "2.20.1",
      "resolved": "https://registry.npmjs.org/moment/-/moment-2.20.1.tgz",
      "integrity": "sha512-Yh9y73JRljxW5QxN08Fner68eFLxM5ynNOAw2LbIB1YAGeQzZT8QFSUvkAz609Zf+IHhhaUxqZK8dG3W/+HEvg=="
    },
    "v2-datepicker": {
      "version": "1.1.3",
      "resolved": "https://registry.npmjs.org/v2-datepicker/-/v2-datepicker-1.1.3.tgz",
      "integrity": "sha512-Io2IBkGrkcCglhvTS9QLVVg0RYREV90n2clyvMY9R3BPo/s3uGZpmWWFJhMo3WAXsh7f5/mNwYUyG30ZRpeFaQ=="
    }
  }
}
